
Microsoft Visual Studio Solution File, Format Version 12.00
# Visual Studio 15
Project("{FAE04EC0-301F-11D3-BF4B-00C04F79EFBC}") = "Assembly-CSharp", "Assembly-CSharp.csproj", "{FB097193-BB8B-834D-D6D9-C6CA3C37177A}"
EndProject
Global
	GlobalSection(SolutionConfigurationPlatforms) = preSolution
		Debug|Any CPU = Debug|Any CPU
		Release|Any CPU = Release|Any CPU
	EndGlobalSection
	GlobalSection(ProjectConfigurationPlatforms) = postSolution
		{FB097193-BB8B-834D-D6D9-C6CA3C37177A}.Debug|Any CPU.ActiveCfg = Debug|Any CPU
		{FB097193-BB8B-834D-D6D9-C6CA3C37177A}.Debug|Any CPU.Build.0 = Debug|Any CPU
		{FB097193-BB8B-834D-D6D9-C6CA3C37177A}.Release|Any CPU.ActiveCfg = Release|Any CPU
		{FB097193-BB8B-834D-D6D9-C6CA3C37177A}.Release|Any CPU.Build.0 = Release|Any CPU
	EndGlobalSection
	GlobalSection(SolutionProperties) = preSolution
		HideSolutionNode = FALSE
	EndGlobalSection
EndGlobal
